
Microsoft Visual Studio Solution File, Format Version 12.00
# Visual Studio Version 16
VisualStudioVersion = 16.0.31702.278
MinimumVisualStudioVersion = 10.0.40219.1
Project("{FAE04EC0-301F-11D3-BF4B-00C04F79EFBC}") = "Exceptions", "Exceptions\Exceptions.csproj", "{6CC7E3DC-4242-4CF3-ABDA-3592CDB04CB4}"
EndProject
Global
	GlobalSection(SolutionConfigurationPlatforms) = preSolution
		Debug|Any CPU = Debug|Any CPU
		Release|Any CPU = Release|Any CPU
	EndGlobalSection
	GlobalSection(ProjectConfigurationPlatforms) = postSolution
		{6CC7E3DC-4242-4CF3-ABDA-3592CDB04CB4}.Debug|Any CPU.ActiveCfg = Debug|Any CPU
		{6CC7E3DC-4242-4CF3-ABDA-3592CDB04CB4}.Debug|Any CPU.Build.0 = Debug|Any CPU
		{6CC7E3DC-4242-4CF3-ABDA-3592CDB04CB4}.Release|Any CPU.ActiveCfg = Release|Any CPU
		{6CC7E3DC-4242-4CF3-ABDA-3592CDB04CB4}.Release|Any CPU.Build.0 = Release|Any CPU
	EndGlobalSection
	GlobalSection(SolutionProperties) = preSolution
		HideSolutionNode = FALSE
	EndGlobalSection
	GlobalSection(ExtensibilityGlobals) = postSolution
		SolutionGuid = {52BDD9DF-FDCD-40D1-98E0-DC2F40F5FBE7}
	EndGlobalSection
EndGlobal
